PODS:
  - AFImageHelper (3.0.2)
  - Alamofire (3.2.1)
  - ALThreeCircleSpinner (1.0.2)
  - CMDQueryStringSerialization (0.4.1):
    - ISO8601
  - Crashlytics (3.7.0):
    - Fabric (~> 1.6.3)
  - Fabric (1.6.6)
  - Fusuma (0.2.5)
  - GoogleMaps (1.12.3)
  - GooglePlaces (1.0.4):
    - Alamofire (~> 3.0)
    - ObjectMapper (~> 1.0)
  - HanekeSwift (0.10.1)
  - INTULocationManager (4.1.1)
  - ISO8601 (0.5.0)
  - Locksmith (2.0.8)
  - ObjectMapper (1.1.5)
  - ReactiveCocoa (4.0.1):
    - ReactiveCocoa/UI (= 4.0.1)
    - Result (~> 1.0.2)
  - ReactiveCocoa/Core (4.0.1):
    - ReactiveCocoa/no-arc
    - Result (~> 1.0.2)
  - ReactiveCocoa/no-arc (4.0.1):
    - Result (~> 1.0.2)
  - ReactiveCocoa/UI (4.0.1):
    - ReactiveCocoa/Core
    - Result (~> 1.0.2)
  - Realm (0.98.2):
    - Realm/Headers (= 0.98.2)
  - Realm/Headers (0.98.2)
  - RealmSwift (0.98.2):
    - Realm (= 0.98.2)
  - Result (1.0.2)
  - RSKGrowingTextView (1.0.1):
    - RSKPlaceholderTextView (= 1.0.0)
  - RSKKeyboardAnimationObserver (1.0.0)
  - RSKPlaceholderTextView (1.0.0)
  - SimpleAuth/Core (0.3.9):
    - CMDQueryStringSerialization
    - ReactiveCocoa
  - SimpleAuth/Facebook (0.3.9):
    - SimpleAuth/Core
  - SimpleAuth/FacebookWeb (0.3.9):
    - SimpleAuth/Core
  - Sugar (1.0.5)
  - Tailor (0.4.5):
    - Sugar
  - TPKeyboardAvoiding (1.2.11)
  - TTTAttributedLabel (1.13.4)

DEPENDENCIES:
  - AFImageHelper (~> 3.0)
  - Alamofire (~> 3.2)
  - ALThreeCircleSpinner (~> 1.0)
  - Crashlytics
  - Fabric
  - Fusuma
  - GoogleMaps (~> 1.12)
  - GooglePlaces (~> 1.0)
  - HanekeSwift (~> 0.10)
  - INTULocationManager (~> 4.1)
  - Locksmith (~> 2.0)
  - RealmSwift (~> 0.98)
  - RSKGrowingTextView (~> 1.0)
  - RSKKeyboardAnimationObserver (~> 1.0)
  - SimpleAuth/Facebook (from `https://github.com/adamjmcgrath/SimpleAuth-1.git`,
    branch `facebook-2.4-breaking-changes`)
  - SimpleAuth/FacebookWeb (from `https://github.com/adamjmcgrath/SimpleAuth-1.git`,
    branch `facebook-2.4-breaking-changes`)
  - Tailor (~> 0.4)
  - TPKeyboardAvoiding (~> 1.2)
  - TTTAttributedLabel (~> 1.13)

EXTERNAL SOURCES:
  SimpleAuth:
    :branch: facebook-2.4-breaking-changes
    :git: https://github.com/adamjmcgrath/SimpleAuth-1.git

CHECKOUT OPTIONS:
  SimpleAuth:
    :commit: f63bbd69bb042e1d1576696c9c0aa4b01a7c668e
    :git: https://github.com/adamjmcgrath/SimpleAuth-1.git

SPEC CHECKSUMS:
  AFImageHelper: 77a89f76b410655928b757a36627a66c1eb67fc2
  Alamofire: f11d8624a05f5d39e0c99309b3e600a3ba64298a
  ALThreeCircleSpinner: 8bdd4e0d3d8a715b6fec50022911189bb63323af
  CMDQueryStringSerialization: 4bb0a2f5e7d8d8678d911d88072274952cbef4e5
  Crashlytics: c3a2333dea9e2733d2777f730910321fc9e25c0d
  Fabric: 1abc1e59f11fa39ede6f690ef7309d8563e3ec59
  Fusuma: ac7afe6344ff96e58f6a699021bca0c480daa161
  GoogleMaps: a4ac67918d0b5ba5f6b9893ac80487e357779e6c
  GooglePlaces: af82dff8b6699dd59fdbf8ec9b3ad170e5f2217a
  HanekeSwift: 08e47d3d0f2899ec58e5d257beba0de619aca9e8
  INTULocationManager: 83c7373048d583cda57e25eefb9bb8a3675acf16
  ISO8601: 25d7a973fa8daf31a50bbd0401d2e7b98e8a7df3
  Locksmith: a8ed41ac4c06506ea8cb199d8ec8a8d3d108eb2a
  ObjectMapper: 528b1a6677a6acac7747edd508576983e76a9148
  ReactiveCocoa: f7011630aee4deeb16352fcb1b50d6bde9db4f90
  Realm: 88a147fe04b8f07191a676b15c779b2b448991de
  RealmSwift: 9907c7415b3e19ef2ab9f89878fc890f03f93aea
  Result: dd3dd71af3fa2e262f1a999e14fba2c25ec14f16
  RSKGrowingTextView: 585888654fb5007e13089a71923ce78e53a6f0d4
  RSKKeyboardAnimationObserver: 0bdbc5235a96ce6d1e6143998214160c7f7c9b37
  RSKPlaceholderTextView: a34174067f43aa176abe0fc4de9f6ce29f2306c7
  SimpleAuth: bc7d594f90711a7e6ef7624dce5aa8c8b09770ab
  Sugar: 8d9788c4630c6bdcab8c19a0f7ff06f10ba353bd
  Tailor: d1d5bce9d81e953c3d7b3f3fd6d084337feeb7a5
  TPKeyboardAvoiding: e5ce146b313de063957bfa75a13f1e9b0ff18ab7
  TTTAttributedLabel: 0a2ac7b2dd726d32a070dafb01446026b11e624f

COCOAPODS: 0.39.0
